{
    "_readme": [
        "This file locks the dependencies of your project to a known state",
        "Read more about it at https://getcomposer.org/doc/01-basic-usage.md#installing-dependencies",
        "This file is @generated automatically"
    ],
    "content-hash": "2f103c773f83f5c591751f969a30b3bd",
    "packages": [
        {
            "name": "whitwhoa/drencrom",
            "version": "dev-jobs_implementation",
            "dist": {
                "type": "path",
                "url": "/development/drencrom",
                "reference": "28ef20b85a4c8dcff6cd9a8e263e1cca3ddf55eb"
            },
            "require": {
                "ext-curl": "*",
                "ext-fileinfo": "*",
                "ext-openssl": "*",
                "ext-pdo": "*",
                "php": ">=8.1.0"
            },
            "suggest": {
                "ext-redis": "Required for RedisSessionManager"
            },
            "type": "library",
            "autoload": {
                "files": [
                    "src/functions.php"
                ],
                "psr-4": {
                    "Dren\\": "src/Dren"
                }
            },
            "license": [
                "MIT"
            ],
            "description": "The Drencrom PHP Framework",
            "transport-options": {
                "relative": false
            }
        }
    ],
    "packages-dev": [],
    "aliases": [],
    "minimum-stability": "dev",
    "stability-flags": {
        "whitwhoa/drencrom": 20
    },
    "prefer-stable": true,
    "prefer-lowest": false,
    "platform": {
        "php": ">=8.1.0"
    },
    "platform-dev": [],
    "plugin-api-version": "2.3.0"
}
